
Microsoft Visual Studio Solution File, Format Version 12.00
# Visual Studio 14
VisualStudioVersion = 14.0.25420.1
MinimumVisualStudioVersion = 10.0.40219.1
Project("{FAE04EC0-301F-11D3-BF4B-00C04F79EFBC}") = "IWAU.Console", "IWAU.Console\IWAU.Console.csproj", "{30A295AA-A6FA-447E-8438-CE4E0A2C975A}"
EndProject
Project("{2150E333-8FDC-42A3-9474-1A3956D46DE8}") = "CrossCutting", "CrossCutting", "{190ABF87-C31C-4DFA-BD14-E883BB67AF9C}"
EndProject
Project("{2150E333-8FDC-42A3-9474-1A3956D46DE8}") = "BLL", "BLL", "{EBB2D1D2-92FE-44C8-B6E1-366D8666736A}"
EndProject
Project("{2150E333-8FDC-42A3-9474-1A3956D46DE8}") = "DAL", "DAL", "{2B255E99-9D60-4BE0-B7DD-115F73FFAD50}"
EndProject
Project("{FAE04EC0-301F-11D3-BF4B-00C04F79EFBC}") = "Configuration.Contracts", "Configuration.Contracts\Configuration.Contracts.csproj", "{1A58F82C-2D06-4D23-A39F-2E871E69DCFF}"
EndProject
Project("{FAE04EC0-301F-11D3-BF4B-00C04F79EFBC}") = "Configuration", "Configuration\Configuration.csproj", "{B08C7868-D4A0-4759-8D7E-09A9FDFA0E9E}"
EndProject
Project("{FAE04EC0-301F-11D3-BF4B-00C04F79EFBC}") = "Configuration.Test", "Configuration.Test\Configuration.Test.csproj", "{C8395E8E-792E-43ED-AB81-8704D1293274}"
EndProject
Project("{FAE04EC0-301F-11D3-BF4B-00C04F79EFBC}") = "Base", "Base\Base.csproj", "{B256AB11-1017-4002-ADB7-85B0A1831F80}"
EndProject
Project("{FAE04EC0-301F-11D3-BF4B-00C04F79EFBC}") = "Logging.Contracts", "Logging.Contracts\Logging.Contracts.csproj", "{E3B09A03-4F96-4F3D-98DE-AB73131B5F8E}"
EndProject
Project("{FAE04EC0-301F-11D3-BF4B-00C04F79EFBC}") = "Logging", "Logging\Logging.csproj", "{5D7FA44B-8CA9-4482-A859-F4F9344C51BD}"
EndProject
Project("{FAE04EC0-301F-11D3-BF4B-00C04F79EFBC}") = "Logging.Test", "Logging.Test\Logging.Test.csproj", "{7BC049DE-8869-4A66-AA32-8C25A48BA3C4}"
EndProject
Project("{FAE04EC0-301F-11D3-BF4B-00C04F79EFBC}") = "DIMappings", "DIMappings\DIMappings.csproj", "{076426F2-CE70-4823-B373-547E3D6DAC28}"
EndProject
Project("{FAE04EC0-301F-11D3-BF4B-00C04F79EFBC}") = "Mocks", "Mocks\Mocks.csproj", "{EA93E01D-2DAB-45B6-9096-8F3107E43DDD}"
EndProject
Project("{FAE04EC0-301F-11D3-BF4B-00C04F79EFBC}") = "CommandPlanner", "CommandPlanner\CommandPlanner.csproj", "{315D852E-18A6-428F-B921-38403A45420A}"
EndProject
Project("{FAE04EC0-301F-11D3-BF4B-00C04F79EFBC}") = "CommandPlanner.Contracts", "CommandPlanner.Contracts\CommandPlanner.Contracts.csproj", "{C05AFEBA-7684-4AFA-A274-5C74077F8D97}"
EndProject
Project("{FAE04EC0-301F-11D3-BF4B-00C04F79EFBC}") = "CommandPlanner.Test", "CommandPlanner.Test\CommandPlanner.Test.csproj", "{96BB4FBE-F94C-46A9-8B5D-A607C0369B74}"
EndProject
Project("{FAE04EC0-301F-11D3-BF4B-00C04F79EFBC}") = "SFW.Test", "SFW.Test\SFW.Test.csproj", "{8372EA40-93F3-440D-B374-DE332ED19689}"
EndProject
Project("{FAE04EC0-301F-11D3-BF4B-00C04F79EFBC}") = "SFW.Contracts", "SFW.Contracts\SFW.Contracts.csproj", "{0EE4E17F-069F-497A-8B9D-B9A6516E4AE4}"
EndProject
Project("{FAE04EC0-301F-11D3-BF4B-00C04F79EFBC}") = "SFW", "SFW\SFW.csproj", "{199E8F32-2A7E-457A-91D2-C4149ED03F4E}"
EndProject
Project("{FAE04EC0-301F-11D3-BF4B-00C04F79EFBC}") = "Notifications.Contracts", "Notifications.Contracts\Notifications.Contracts.csproj", "{82F0572F-FDEC-408F-A69C-B138A84BF44A}"
EndProject
Project("{FAE04EC0-301F-11D3-BF4B-00C04F79EFBC}") = "Notifications", "Notifications\Notifications.csproj", "{FA5B27CB-ECAC-46D6-9C0C-1A45A381F2D2}"
EndProject
Project("{FAE04EC0-301F-11D3-BF4B-00C04F79EFBC}") = "Notifications.Test", "Notifications.Test\Notifications.Test.csproj", "{00EE8D49-60AD-45EA-BAF2-096C833CB97C}"
EndProject
Project("{FAE04EC0-301F-11D3-BF4B-00C04F79EFBC}") = "Updates", "Updates\Updates.csproj", "{B42FC4FB-F16C-4EF8-8259-493EBF09D73C}"
EndProject
Project("{FAE04EC0-301F-11D3-BF4B-00C04F79EFBC}") = "Updates.Contracts", "Updates.Contracts\Updates.Contracts.csproj", "{1192AE56-9F3F-4247-87B5-DBCCAC6FF651}"
EndProject
Project("{FAE04EC0-301F-11D3-BF4B-00C04F79EFBC}") = "Updates.Test", "Updates.Test\Updates.Test.csproj", "{A524E998-89F9-44FF-97BF-F63BF7A3C7FB}"
EndProject
Project("{FAE04EC0-301F-11D3-BF4B-00C04F79EFBC}") = "Commands", "Commands\Commands.csproj", "{516DDBB9-8E42-4280-8514-E446A831181F}"
EndProject
Project("{FAE04EC0-301F-11D3-BF4B-00C04F79EFBC}") = "LocalFiles", "LocalFiles\LocalFiles.csproj", "{1BD42B33-A93A-49CA-A997-609322D513D9}"
EndProject
Project("{FAE04EC0-301F-11D3-BF4B-00C04F79EFBC}") = "LocalFiles.Contracts", "LocalFiles.Contracts\LocalFiles.Contracts.csproj", "{B35169C2-C480-494C-ADC9-BEA1B193D84E}"
EndProject
Project("{FAE04EC0-301F-11D3-BF4B-00C04F79EFBC}") = "LocalFiles.Test", "LocalFiles.Test\LocalFiles.Test.csproj", "{F6E2F8B1-37F8-420B-950E-73B33CA1E8B1}"
EndProject
Project("{FAE04EC0-301F-11D3-BF4B-00C04F79EFBC}") = "Commands.Test", "Commands.Test\Commands.Test.csproj", "{A246E57E-BCBE-4D98-B4A0-DD4AE492A911}"
EndProject
Project("{FAE04EC0-301F-11D3-BF4B-00C04F79EFBC}") = "AutoUpdater.Test", "AutoUpdater.Test\AutoUpdater.Test.csproj", "{927FC7AE-B6D6-43B2-822A-3583D9EA7D55}"
EndProject
Project("{FAE04EC0-301F-11D3-BF4B-00C04F79EFBC}") = "AutoUpdater.Contracts", "AutoUpdater.Contracts\AutoUpdater.Contracts.csproj", "{79F48F84-B036-482F-BA1E-041558E3D9BF}"
EndProject
Project("{FAE04EC0-301F-11D3-BF4B-00C04F79EFBC}") = "AutoUpdater", "AutoUpdater\AutoUpdater.csproj", "{1B3A6CF7-94BE-4463-8418-00E77E792B37}"
EndProject
Project("{2150E333-8FDC-42A3-9474-1A3956D46DE8}") = "Solution Items", "Solution Items", "{F33D2704-4ADA-48F1-8497-099B1F15BFBD}"
	ProjectSection(SolutionItems) = preProject
		build.bat = build.bat
		build.fsx = build.fsx
		paket-install.bat = paket-install.bat
		paket-update.bat = paket-update.bat
		.paket\paket.bootstrapper.exe = .paket\paket.bootstrapper.exe
		paket.dependencies = paket.dependencies
		TODO.md = TODO.md
	EndProjectSection
EndProject
Project("{FAE04EC0-301F-11D3-BF4B-00C04F79EFBC}") = "ExternalCommands", "ExternalCommands\ExternalCommands.csproj", "{2B4D64BF-792C-457B-9BB9-C77B0B2E430F}"
EndProject
Project("{FAE04EC0-301F-11D3-BF4B-00C04F79EFBC}") = "ExternalCommands.Contracts", "ExternalCommands.Contracts\ExternalCommands.Contracts.csproj", "{D39CF5D6-26D3-4851-8E11-D560B7A517B4}"
EndProject
Project("{FAE04EC0-301F-11D3-BF4B-00C04F79EFBC}") = "ExternalCommands.Test", "ExternalCommands.Test\ExternalCommands.Test.csproj", "{712E576E-D20B-4B29-BCC7-040D7D76A0F0}"
EndProject
Project("{FAE04EC0-301F-11D3-BF4B-00C04F79EFBC}") = "WebAccess.Test", "WebAccess.Test\WebAccess.Test.csproj", "{4DE38AFB-A2A3-437F-B85C-EF79417352E6}"
EndProject
Project("{FAE04EC0-301F-11D3-BF4B-00C04F79EFBC}") = "WebAccess", "WebAccess\WebAccess.csproj", "{6D67E93A-F654-41F0-B405-BE053613F266}"
EndProject
Project("{FAE04EC0-301F-11D3-BF4B-00C04F79EFBC}") = "WebAccess.Contracts", "WebAccess.Contracts\WebAccess.Contracts.csproj", "{6A31F43E-1857-44A5-871E-088571424B50}"
EndProject
Project("{FAE04EC0-301F-11D3-BF4B-00C04F79EFBC}") = "EMails.Test", "EMails.Test\EMails.Test.csproj", "{8C51D333-0EB3-4A46-AC37-E84E83634575}"
EndProject
Project("{FAE04EC0-301F-11D3-BF4B-00C04F79EFBC}") = "EMails.Contracts", "EMails.Contracts\EMails.Contracts.csproj", "{F54E6C38-0792-4FFD-98DB-DB63D846B54A}"
EndProject
Project("{FAE04EC0-301F-11D3-BF4B-00C04F79EFBC}") = "EMails", "EMails\EMails.csproj", "{4C5ABF9F-4DA8-47DD-9A03-3EE912E2E87A}"
EndProject
Project("{FAE04EC0-301F-11D3-BF4B-00C04F79EFBC}") = "IwAutoUpdater.Service", "IwAutoUpdater.Service\IwAutoUpdater.Service.csproj", "{A1E1E339-CD93-4CA7-9608-AE0D15BE8898}"
EndProject
Global
	GlobalSection(SolutionConfigurationPlatforms) = preSolution
		Debug|Any CPU = Debug|Any CPU
		Release|Any CPU = Release|Any CPU
	EndGlobalSection
	GlobalSection(ProjectConfigurationPlatforms) = postSolution
		{30A295AA-A6FA-447E-8438-CE4E0A2C975A}.Debug|Any CPU.ActiveCfg = Debug|Any CPU
		{30A295AA-A6FA-447E-8438-CE4E0A2C975A}.Debug|Any CPU.Build.0 = Debug|Any CPU
		{30A295AA-A6FA-447E-8438-CE4E0A2C975A}.Release|Any CPU.ActiveCfg = Release|Any CPU
		{1A58F82C-2D06-4D23-A39F-2E871E69DCFF}.Debug|Any CPU.ActiveCfg = Debug|Any CPU
		{1A58F82C-2D06-4D23-A39F-2E871E69DCFF}.Debug|Any CPU.Build.0 = Debug|Any CPU
		{1A58F82C-2D06-4D23-A39F-2E871E69DCFF}.Release|Any CPU.ActiveCfg = Release|Any CPU
		{1A58F82C-2D06-4D23-A39F-2E871E69DCFF}.Release|Any CPU.Build.0 = Release|Any CPU
		{B08C7868-D4A0-4759-8D7E-09A9FDFA0E9E}.Debug|Any CPU.ActiveCfg = Debug|Any CPU
		{B08C7868-D4A0-4759-8D7E-09A9FDFA0E9E}.Debug|Any CPU.Build.0 = Debug|Any CPU
		{B08C7868-D4A0-4759-8D7E-09A9FDFA0E9E}.Release|Any CPU.ActiveCfg = Release|Any CPU
		{B08C7868-D4A0-4759-8D7E-09A9FDFA0E9E}.Release|Any CPU.Build.0 = Release|Any CPU
		{C8395E8E-792E-43ED-AB81-8704D1293274}.Debug|Any CPU.ActiveCfg = Debug|Any CPU
		{C8395E8E-792E-43ED-AB81-8704D1293274}.Debug|Any CPU.Build.0 = Debug|Any CPU
		{C8395E8E-792E-43ED-AB81-8704D1293274}.Release|Any CPU.ActiveCfg = Release|Any CPU
		{B256AB11-1017-4002-ADB7-85B0A1831F80}.Debug|Any CPU.ActiveCfg = Debug|Any CPU
		{B256AB11-1017-4002-ADB7-85B0A1831F80}.Debug|Any CPU.Build.0 = Debug|Any CPU
		{B256AB11-1017-4002-ADB7-85B0A1831F80}.Release|Any CPU.ActiveCfg = Release|Any CPU
		{B256AB11-1017-4002-ADB7-85B0A1831F80}.Release|Any CPU.Build.0 = Release|Any CPU
		{E3B09A03-4F96-4F3D-98DE-AB73131B5F8E}.Debug|Any CPU.ActiveCfg = Debug|Any CPU
		{E3B09A03-4F96-4F3D-98DE-AB73131B5F8E}.Debug|Any CPU.Build.0 = Debug|Any CPU
		{E3B09A03-4F96-4F3D-98DE-AB73131B5F8E}.Release|Any CPU.ActiveCfg = Release|Any CPU
		{E3B09A03-4F96-4F3D-98DE-AB73131B5F8E}.Release|Any CPU.Build.0 = Release|Any CPU
		{5D7FA44B-8CA9-4482-A859-F4F9344C51BD}.Debug|Any CPU.ActiveCfg = Debug|Any CPU
		{5D7FA44B-8CA9-4482-A859-F4F9344C51BD}.Debug|Any CPU.Build.0 = Debug|Any CPU
		{5D7FA44B-8CA9-4482-A859-F4F9344C51BD}.Release|Any CPU.ActiveCfg = Release|Any CPU
		{5D7FA44B-8CA9-4482-A859-F4F9344C51BD}.Release|Any CPU.Build.0 = Release|Any CPU
		{7BC049DE-8869-4A66-AA32-8C25A48BA3C4}.Debug|Any CPU.ActiveCfg = Debug|Any CPU
		{7BC049DE-8869-4A66-AA32-8C25A48BA3C4}.Debug|Any CPU.Build.0 = Debug|Any CPU
		{7BC049DE-8869-4A66-AA32-8C25A48BA3C4}.Release|Any CPU.ActiveCfg = Release|Any CPU
		{076426F2-CE70-4823-B373-547E3D6DAC28}.Debug|Any CPU.ActiveCfg = Debug|Any CPU
		{076426F2-CE70-4823-B373-547E3D6DAC28}.Debug|Any CPU.Build.0 = Debug|Any CPU
		{076426F2-CE70-4823-B373-547E3D6DAC28}.Release|Any CPU.ActiveCfg = Release|Any CPU
		{076426F2-CE70-4823-B373-547E3D6DAC28}.Release|Any CPU.Build.0 = Release|Any CPU
		{EA93E01D-2DAB-45B6-9096-8F3107E43DDD}.Debug|Any CPU.ActiveCfg = Debug|Any CPU
		{EA93E01D-2DAB-45B6-9096-8F3107E43DDD}.Debug|Any CPU.Build.0 = Debug|Any CPU
		{EA93E01D-2DAB-45B6-9096-8F3107E43DDD}.Release|Any CPU.ActiveCfg = Release|Any CPU
		{315D852E-18A6-428F-B921-38403A45420A}.Debug|Any CPU.ActiveCfg = Debug|Any CPU
		{315D852E-18A6-428F-B921-38403A45420A}.Debug|Any CPU.Build.0 = Debug|Any CPU
		{315D852E-18A6-428F-B921-38403A45420A}.Release|Any CPU.ActiveCfg = Release|Any CPU
		{315D852E-18A6-428F-B921-38403A45420A}.Release|Any CPU.Build.0 = Release|Any CPU
		{C05AFEBA-7684-4AFA-A274-5C74077F8D97}.Debug|Any CPU.ActiveCfg = Debug|Any CPU
		{C05AFEBA-7684-4AFA-A274-5C74077F8D97}.Debug|Any CPU.Build.0 = Debug|Any CPU
		{C05AFEBA-7684-4AFA-A274-5C74077F8D97}.Release|Any CPU.ActiveCfg = Release|Any CPU
		{C05AFEBA-7684-4AFA-A274-5C74077F8D97}.Release|Any CPU.Build.0 = Release|Any CPU
		{96BB4FBE-F94C-46A9-8B5D-A607C0369B74}.Debug|Any CPU.ActiveCfg = Debug|Any CPU
		{96BB4FBE-F94C-46A9-8B5D-A607C0369B74}.Debug|Any CPU.Build.0 = Debug|Any CPU
		{96BB4FBE-F94C-46A9-8B5D-A607C0369B74}.Release|Any CPU.ActiveCfg = Release|Any CPU
		{8372EA40-93F3-440D-B374-DE332ED19689}.Debug|Any CPU.ActiveCfg = Debug|Any CPU
		{8372EA40-93F3-440D-B374-DE332ED19689}.Debug|Any CPU.Build.0 = Debug|Any CPU
		{8372EA40-93F3-440D-B374-DE332ED19689}.Release|Any CPU.ActiveCfg = Release|Any CPU
		{0EE4E17F-069F-497A-8B9D-B9A6516E4AE4}.Debug|Any CPU.ActiveCfg = Debug|Any CPU
		{0EE4E17F-069F-497A-8B9D-B9A6516E4AE4}.Debug|Any CPU.Build.0 = Debug|Any CPU
		{0EE4E17F-069F-497A-8B9D-B9A6516E4AE4}.Release|Any CPU.ActiveCfg = Release|Any CPU
		{0EE4E17F-069F-497A-8B9D-B9A6516E4AE4}.Release|Any CPU.Build.0 = Release|Any CPU
		{199E8F32-2A7E-457A-91D2-C4149ED03F4E}.Debug|Any CPU.ActiveCfg = Debug|Any CPU
		{199E8F32-2A7E-457A-91D2-C4149ED03F4E}.Debug|Any CPU.Build.0 = Debug|Any CPU
		{199E8F32-2A7E-457A-91D2-C4149ED03F4E}.Release|Any CPU.ActiveCfg = Release|Any CPU
		{199E8F32-2A7E-457A-91D2-C4149ED03F4E}.Release|Any CPU.Build.0 = Release|Any CPU
		{82F0572F-FDEC-408F-A69C-B138A84BF44A}.Debug|Any CPU.ActiveCfg = Debug|Any CPU
		{82F0572F-FDEC-408F-A69C-B138A84BF44A}.Debug|Any CPU.Build.0 = Debug|Any CPU
		{82F0572F-FDEC-408F-A69C-B138A84BF44A}.Release|Any CPU.ActiveCfg = Release|Any CPU
		{82F0572F-FDEC-408F-A69C-B138A84BF44A}.Release|Any CPU.Build.0 = Release|Any CPU
		{FA5B27CB-ECAC-46D6-9C0C-1A45A381F2D2}.Debug|Any CPU.ActiveCfg = Debug|Any CPU
		{FA5B27CB-ECAC-46D6-9C0C-1A45A381F2D2}.Debug|Any CPU.Build.0 = Debug|Any CPU
		{FA5B27CB-ECAC-46D6-9C0C-1A45A381F2D2}.Release|Any CPU.ActiveCfg = Release|Any CPU
		{FA5B27CB-ECAC-46D6-9C0C-1A45A381F2D2}.Release|Any CPU.Build.0 = Release|Any CPU
		{00EE8D49-60AD-45EA-BAF2-096C833CB97C}.Debug|Any CPU.ActiveCfg = Debug|Any CPU
		{00EE8D49-60AD-45EA-BAF2-096C833CB97C}.Debug|Any CPU.Build.0 = Debug|Any CPU
		{00EE8D49-60AD-45EA-BAF2-096C833CB97C}.Release|Any CPU.ActiveCfg = Release|Any CPU
		{B42FC4FB-F16C-4EF8-8259-493EBF09D73C}.Debug|Any CPU.ActiveCfg = Debug|Any CPU
		{B42FC4FB-F16C-4EF8-8259-493EBF09D73C}.Debug|Any CPU.Build.0 = Debug|Any CPU
		{B42FC4FB-F16C-4EF8-8259-493EBF09D73C}.Release|Any CPU.ActiveCfg = Release|Any CPU
		{B42FC4FB-F16C-4EF8-8259-493EBF09D73C}.Release|Any CPU.Build.0 = Release|Any CPU
		{1192AE56-9F3F-4247-87B5-DBCCAC6FF651}.Debug|Any CPU.ActiveCfg = Debug|Any CPU
		{1192AE56-9F3F-4247-87B5-DBCCAC6FF651}.Debug|Any CPU.Build.0 = Debug|Any CPU
		{1192AE56-9F3F-4247-87B5-DBCCAC6FF651}.Release|Any CPU.ActiveCfg = Release|Any CPU
		{1192AE56-9F3F-4247-87B5-DBCCAC6FF651}.Release|Any CPU.Build.0 = Release|Any CPU
		{A524E998-89F9-44FF-97BF-F63BF7A3C7FB}.Debug|Any CPU.ActiveCfg = Debug|Any CPU
		{A524E998-89F9-44FF-97BF-F63BF7A3C7FB}.Debug|Any CPU.Build.0 = Debug|Any CPU
		{A524E998-89F9-44FF-97BF-F63BF7A3C7FB}.Release|Any CPU.ActiveCfg = Release|Any CPU
		{516DDBB9-8E42-4280-8514-E446A831181F}.Debug|Any CPU.ActiveCfg = Debug|Any CPU
		{516DDBB9-8E42-4280-8514-E446A831181F}.Debug|Any CPU.Build.0 = Debug|Any CPU
		{516DDBB9-8E42-4280-8514-E446A831181F}.Release|Any CPU.ActiveCfg = Release|Any CPU
		{516DDBB9-8E42-4280-8514-E446A831181F}.Release|Any CPU.Build.0 = Release|Any CPU
		{1BD42B33-A93A-49CA-A997-609322D513D9}.Debug|Any CPU.ActiveCfg = Debug|Any CPU
		{1BD42B33-A93A-49CA-A997-609322D513D9}.Debug|Any CPU.Build.0 = Debug|Any CPU
		{1BD42B33-A93A-49CA-A997-609322D513D9}.Release|Any CPU.ActiveCfg = Release|Any CPU
		{1BD42B33-A93A-49CA-A997-609322D513D9}.Release|Any CPU.Build.0 = Release|Any CPU
		{B35169C2-C480-494C-ADC9-BEA1B193D84E}.Debug|Any CPU.ActiveCfg = Debug|Any CPU
		{B35169C2-C480-494C-ADC9-BEA1B193D84E}.Debug|Any CPU.Build.0 = Debug|Any CPU
		{B35169C2-C480-494C-ADC9-BEA1B193D84E}.Release|Any CPU.ActiveCfg = Release|Any CPU
		{B35169C2-C480-494C-ADC9-BEA1B193D84E}.Release|Any CPU.Build.0 = Release|Any CPU
		{F6E2F8B1-37F8-420B-950E-73B33CA1E8B1}.Debug|Any CPU.ActiveCfg = Debug|Any CPU
		{F6E2F8B1-37F8-420B-950E-73B33CA1E8B1}.Debug|Any CPU.Build.0 = Debug|Any CPU
		{F6E2F8B1-37F8-420B-950E-73B33CA1E8B1}.Release|Any CPU.ActiveCfg = Release|Any CPU
		{A246E57E-BCBE-4D98-B4A0-DD4AE492A911}.Debug|Any CPU.ActiveCfg = Debug|Any CPU
		{A246E57E-BCBE-4D98-B4A0-DD4AE492A911}.Debug|Any CPU.Build.0 = Debug|Any CPU
		{A246E57E-BCBE-4D98-B4A0-DD4AE492A911}.Release|Any CPU.ActiveCfg = Release|Any CPU
		{927FC7AE-B6D6-43B2-822A-3583D9EA7D55}.Debug|Any CPU.ActiveCfg = Debug|Any CPU
		{927FC7AE-B6D6-43B2-822A-3583D9EA7D55}.Debug|Any CPU.Build.0 = Debug|Any CPU
		{927FC7AE-B6D6-43B2-822A-3583D9EA7D55}.Release|Any CPU.ActiveCfg = Release|Any CPU
		{79F48F84-B036-482F-BA1E-041558E3D9BF}.Debug|Any CPU.ActiveCfg = Debug|Any CPU
		{79F48F84-B036-482F-BA1E-041558E3D9BF}.Debug|Any CPU.Build.0 = Debug|Any CPU
		{79F48F84-B036-482F-BA1E-041558E3D9BF}.Release|Any CPU.ActiveCfg = Release|Any CPU
		{79F48F84-B036-482F-BA1E-041558E3D9BF}.Release|Any CPU.Build.0 = Release|Any CPU
		{1B3A6CF7-94BE-4463-8418-00E77E792B37}.Debug|Any CPU.ActiveCfg = Debug|Any CPU
		{1B3A6CF7-94BE-4463-8418-00E77E792B37}.Debug|Any CPU.Build.0 = Debug|Any CPU
		{1B3A6CF7-94BE-4463-8418-00E77E792B37}.Release|Any CPU.ActiveCfg = Release|Any CPU
		{1B3A6CF7-94BE-4463-8418-00E77E792B37}.Release|Any CPU.Build.0 = Release|Any CPU
		{2B4D64BF-792C-457B-9BB9-C77B0B2E430F}.Debug|Any CPU.ActiveCfg = Debug|Any CPU
		{2B4D64BF-792C-457B-9BB9-C77B0B2E430F}.Debug|Any CPU.Build.0 = Debug|Any CPU
		{2B4D64BF-792C-457B-9BB9-C77B0B2E430F}.Release|Any CPU.ActiveCfg = Release|Any CPU
		{2B4D64BF-792C-457B-9BB9-C77B0B2E430F}.Release|Any CPU.Build.0 = Release|Any CPU
		{D39CF5D6-26D3-4851-8E11-D560B7A517B4}.Debug|Any CPU.ActiveCfg = Debug|Any CPU
		{D39CF5D6-26D3-4851-8E11-D560B7A517B4}.Debug|Any CPU.Build.0 = Debug|Any CPU
		{D39CF5D6-26D3-4851-8E11-D560B7A517B4}.Release|Any CPU.ActiveCfg = Release|Any CPU
		{D39CF5D6-26D3-4851-8E11-D560B7A517B4}.Release|Any CPU.Build.0 = Release|Any CPU
		{712E576E-D20B-4B29-BCC7-040D7D76A0F0}.Debug|Any CPU.ActiveCfg = Debug|Any CPU
		{712E576E-D20B-4B29-BCC7-040D7D76A0F0}.Debug|Any CPU.Build.0 = Debug|Any CPU
		{712E576E-D20B-4B29-BCC7-040D7D76A0F0}.Release|Any CPU.ActiveCfg = Release|Any CPU
		{4DE38AFB-A2A3-437F-B85C-EF79417352E6}.Debug|Any CPU.ActiveCfg = Debug|Any CPU
		{4DE38AFB-A2A3-437F-B85C-EF79417352E6}.Debug|Any CPU.Build.0 = Debug|Any CPU
		{4DE38AFB-A2A3-437F-B85C-EF79417352E6}.Release|Any CPU.ActiveCfg = Release|Any CPU
		{6D67E93A-F654-41F0-B405-BE053613F266}.Debug|Any CPU.ActiveCfg = Debug|Any CPU
		{6D67E93A-F654-41F0-B405-BE053613F266}.Debug|Any CPU.Build.0 = Debug|Any CPU
		{6D67E93A-F654-41F0-B405-BE053613F266}.Release|Any CPU.ActiveCfg = Release|Any CPU
		{6D67E93A-F654-41F0-B405-BE053613F266}.Release|Any CPU.Build.0 = Release|Any CPU
		{6A31F43E-1857-44A5-871E-088571424B50}.Debug|Any CPU.ActiveCfg = Debug|Any CPU
		{6A31F43E-1857-44A5-871E-088571424B50}.Debug|Any CPU.Build.0 = Debug|Any CPU
		{6A31F43E-1857-44A5-871E-088571424B50}.Release|Any CPU.ActiveCfg = Release|Any CPU
		{6A31F43E-1857-44A5-871E-088571424B50}.Release|Any CPU.Build.0 = Release|Any CPU
		{8C51D333-0EB3-4A46-AC37-E84E83634575}.Debug|Any CPU.ActiveCfg = Debug|Any CPU
		{8C51D333-0EB3-4A46-AC37-E84E83634575}.Debug|Any CPU.Build.0 = Debug|Any CPU
		{8C51D333-0EB3-4A46-AC37-E84E83634575}.Release|Any CPU.ActiveCfg = Release|Any CPU
		{F54E6C38-0792-4FFD-98DB-DB63D846B54A}.Debug|Any CPU.ActiveCfg = Debug|Any CPU
		{F54E6C38-0792-4FFD-98DB-DB63D846B54A}.Debug|Any CPU.Build.0 = Debug|Any CPU
		{F54E6C38-0792-4FFD-98DB-DB63D846B54A}.Release|Any CPU.ActiveCfg = Release|Any CPU
		{F54E6C38-0792-4FFD-98DB-DB63D846B54A}.Release|Any CPU.Build.0 = Release|Any CPU
		{4C5ABF9F-4DA8-47DD-9A03-3EE912E2E87A}.Debug|Any CPU.ActiveCfg = Debug|Any CPU
		{4C5ABF9F-4DA8-47DD-9A03-3EE912E2E87A}.Debug|Any CPU.Build.0 = Debug|Any CPU
		{4C5ABF9F-4DA8-47DD-9A03-3EE912E2E87A}.Release|Any CPU.ActiveCfg = Release|Any CPU
		{4C5ABF9F-4DA8-47DD-9A03-3EE912E2E87A}.Release|Any CPU.Build.0 = Release|Any CPU
		{A1E1E339-CD93-4CA7-9608-AE0D15BE8898}.Debug|Any CPU.ActiveCfg = Debug|Any CPU
		{A1E1E339-CD93-4CA7-9608-AE0D15BE8898}.Debug|Any CPU.Build.0 = Debug|Any CPU
		{A1E1E339-CD93-4CA7-9608-AE0D15BE8898}.Release|Any CPU.ActiveCfg = Release|Any CPU
		{A1E1E339-CD93-4CA7-9608-AE0D15BE8898}.Release|Any CPU.Build.0 = Release|Any CPU
	EndGlobalSection
	GlobalSection(SolutionProperties) = preSolution
		HideSolutionNode = FALSE
	EndGlobalSection
	GlobalSection(NestedProjects) = preSolution
		{1A58F82C-2D06-4D23-A39F-2E871E69DCFF} = {190ABF87-C31C-4DFA-BD14-E883BB67AF9C}
		{B08C7868-D4A0-4759-8D7E-09A9FDFA0E9E} = {190ABF87-C31C-4DFA-BD14-E883BB67AF9C}
		{C8395E8E-792E-43ED-AB81-8704D1293274} = {190ABF87-C31C-4DFA-BD14-E883BB67AF9C}
		{B256AB11-1017-4002-ADB7-85B0A1831F80} = {190ABF87-C31C-4DFA-BD14-E883BB67AF9C}
		{E3B09A03-4F96-4F3D-98DE-AB73131B5F8E} = {190ABF87-C31C-4DFA-BD14-E883BB67AF9C}
		{5D7FA44B-8CA9-4482-A859-F4F9344C51BD} = {190ABF87-C31C-4DFA-BD14-E883BB67AF9C}
		{7BC049DE-8869-4A66-AA32-8C25A48BA3C4} = {190ABF87-C31C-4DFA-BD14-E883BB67AF9C}
		{315D852E-18A6-428F-B921-38403A45420A} = {EBB2D1D2-92FE-44C8-B6E1-366D8666736A}
		{C05AFEBA-7684-4AFA-A274-5C74077F8D97} = {EBB2D1D2-92FE-44C8-B6E1-366D8666736A}
		{96BB4FBE-F94C-46A9-8B5D-A607C0369B74} = {EBB2D1D2-92FE-44C8-B6E1-366D8666736A}
		{8372EA40-93F3-440D-B374-DE332ED19689} = {190ABF87-C31C-4DFA-BD14-E883BB67AF9C}
		{0EE4E17F-069F-497A-8B9D-B9A6516E4AE4} = {190ABF87-C31C-4DFA-BD14-E883BB67AF9C}
		{199E8F32-2A7E-457A-91D2-C4149ED03F4E} = {190ABF87-C31C-4DFA-BD14-E883BB67AF9C}
		{82F0572F-FDEC-408F-A69C-B138A84BF44A} = {2B255E99-9D60-4BE0-B7DD-115F73FFAD50}
		{FA5B27CB-ECAC-46D6-9C0C-1A45A381F2D2} = {2B255E99-9D60-4BE0-B7DD-115F73FFAD50}
		{00EE8D49-60AD-45EA-BAF2-096C833CB97C} = {2B255E99-9D60-4BE0-B7DD-115F73FFAD50}
		{B42FC4FB-F16C-4EF8-8259-493EBF09D73C} = {2B255E99-9D60-4BE0-B7DD-115F73FFAD50}
		{1192AE56-9F3F-4247-87B5-DBCCAC6FF651} = {2B255E99-9D60-4BE0-B7DD-115F73FFAD50}
		{A524E998-89F9-44FF-97BF-F63BF7A3C7FB} = {2B255E99-9D60-4BE0-B7DD-115F73FFAD50}
		{516DDBB9-8E42-4280-8514-E446A831181F} = {EBB2D1D2-92FE-44C8-B6E1-366D8666736A}
		{1BD42B33-A93A-49CA-A997-609322D513D9} = {2B255E99-9D60-4BE0-B7DD-115F73FFAD50}
		{B35169C2-C480-494C-ADC9-BEA1B193D84E} = {2B255E99-9D60-4BE0-B7DD-115F73FFAD50}
		{F6E2F8B1-37F8-420B-950E-73B33CA1E8B1} = {2B255E99-9D60-4BE0-B7DD-115F73FFAD50}
		{A246E57E-BCBE-4D98-B4A0-DD4AE492A911} = {EBB2D1D2-92FE-44C8-B6E1-366D8666736A}
		{927FC7AE-B6D6-43B2-822A-3583D9EA7D55} = {EBB2D1D2-92FE-44C8-B6E1-366D8666736A}
		{79F48F84-B036-482F-BA1E-041558E3D9BF} = {EBB2D1D2-92FE-44C8-B6E1-366D8666736A}
		{1B3A6CF7-94BE-4463-8418-00E77E792B37} = {EBB2D1D2-92FE-44C8-B6E1-366D8666736A}
		{2B4D64BF-792C-457B-9BB9-C77B0B2E430F} = {2B255E99-9D60-4BE0-B7DD-115F73FFAD50}
		{D39CF5D6-26D3-4851-8E11-D560B7A517B4} = {2B255E99-9D60-4BE0-B7DD-115F73FFAD50}
		{712E576E-D20B-4B29-BCC7-040D7D76A0F0} = {2B255E99-9D60-4BE0-B7DD-115F73FFAD50}
		{4DE38AFB-A2A3-437F-B85C-EF79417352E6} = {2B255E99-9D60-4BE0-B7DD-115F73FFAD50}
		{6D67E93A-F654-41F0-B405-BE053613F266} = {2B255E99-9D60-4BE0-B7DD-115F73FFAD50}
		{6A31F43E-1857-44A5-871E-088571424B50} = {2B255E99-9D60-4BE0-B7DD-115F73FFAD50}
		{8C51D333-0EB3-4A46-AC37-E84E83634575} = {2B255E99-9D60-4BE0-B7DD-115F73FFAD50}
		{F54E6C38-0792-4FFD-98DB-DB63D846B54A} = {2B255E99-9D60-4BE0-B7DD-115F73FFAD50}
		{4C5ABF9F-4DA8-47DD-9A03-3EE912E2E87A} = {2B255E99-9D60-4BE0-B7DD-115F73FFAD50}
	EndGlobalSection
EndGlobal
